
Microsoft Visual Studio Solution File, Format Version 12.00
# Visual Studio 2012
Project("{FAE04EC0-301F-11D3-BF4B-00C04F79EFBC}") = "UnityIoc", "UnityIoc\UnityIoc.csproj", "{DFA067EB-DB48-4225-89AC-D2090F97942B}"
EndProject
Project("{FAE04EC0-301F-11D3-BF4B-00C04F79EFBC}") = "UnityAop", "UnityAop\UnityAop.csproj", "{17552B26-21B1-418A-ACAC-6B9D60D24909}"
EndProject
Global
	GlobalSection(SolutionConfigurationPlatforms) = preSolution
		Debug|Any CPU = Debug|Any CPU
		Release|Any CPU = Release|Any CPU
	EndGlobalSection
	GlobalSection(ProjectConfigurationPlatforms) = postSolution
		{DFA067EB-DB48-4225-89AC-D2090F97942B}.Debug|Any CPU.ActiveCfg = Debug|Any CPU
		{DFA067EB-DB48-4225-89AC-D2090F97942B}.Debug|Any CPU.Build.0 = Debug|Any CPU
		{DFA067EB-DB48-4225-89AC-D2090F97942B}.Release|Any CPU.ActiveCfg = Release|Any CPU
		{DFA067EB-DB48-4225-89AC-D2090F97942B}.Release|Any CPU.Build.0 = Release|Any CPU
		{17552B26-21B1-418A-ACAC-6B9D60D24909}.Debug|Any CPU.ActiveCfg = Debug|Any CPU
		{17552B26-21B1-418A-ACAC-6B9D60D24909}.Debug|Any CPU.Build.0 = Debug|Any CPU
		{17552B26-21B1-418A-ACAC-6B9D60D24909}.Release|Any CPU.ActiveCfg = Release|Any CPU
		{17552B26-21B1-418A-ACAC-6B9D60D24909}.Release|Any CPU.Build.0 = Release|Any CPU
	EndGlobalSection
	GlobalSection(SolutionProperties) = preSolution
		HideSolutionNode = FALSE
	EndGlobalSection
EndGlobal
